github.com/BurntSushi/toml v0.2.1-0.20160717150709-99064174e013 h1:b3U6YBLKb/l6Z2g3UU9I9qb0E8ae2vqNcA3IZtotoYQ=
github.com/BurntSushi/toml v0.2.1-0.20160717150709-99064174e013/go.mod h1:xHWCNGjB5oqiDr8zfno3MHue2Ht5sIBksp03qcyfWMU=
github.com/davecgh/go-spew v1.1.1 h1:vj9j/u1bqnvCEfJOwUhtlOARqs3+rkHYY13jYWTU97c=
github.com/davecgh/go-spew v1.1.1/go.mod h1:J7Y8YcW2NihsgmVo/mv3lAwl/skON4iLHjSsI+c5H38=
github.com/edsrzf/mmap-go v0.0.0-20170320065105-0bce6a688712 h1:aaQcKT9WumO6JEJcRyTqFVq4XUZiUcKR2/GI31TOcz8=
github.com/edsrzf/mmap-go v0.0.0-20170320065105-0bce6a688712/go.mod h1:YO35OhQPt3KJa3ryjFM5Bs14WD66h8eGKpfaBNrHW5M=
github.com/gizak/termui v2.2.1-0.20170117222342-991cd3d38091+incompatible h1:opetNB+OO9qymCnrSBGZPPKuQMMYBcyrzEYiOB+RrHM=
github.com/gizak/termui v2.2.1-0.20170117222342-991cd3d38091+incompatible/go.mod h1:PkJoWUt/zacQKysNfQtcw1RW+eK2SxkieVBtl+4ovLA=
github.com/hashicorp/golang-lru v0.0.0-20160813221303-0a025b7e63ad h1:eMxs9EL0PvIGS9TTtxg4R+JxuPGav82J8rA+GFnY7po=
github.com/hashicorp/golang-lru v0.0.0-20160813221303-0a025b7e63ad/go.mod h1:/m3WP610KZHVQ1SGc6re/UDhFvYD7pJ4Ao+sR/qLZy8=
github.com/howeyc/crc16 v0.0.0-20160203154243-4d7d1365ccda h1:7c6rZnLxxZ6CmCCtWCDO8g3CGDkLQuP7iPzmi6PI70I=
github.com/howeyc/crc16 v0.0.0-20160203154243-4d7d1365ccda/go.mod h1:JslaLRrzGsOKJgFEPBP65Whn+rdwDQSk0I0MCRFe2Zw=
github.com/kr/pretty v0.1.0 h1:L/CwN0zerZDmRFUapSPitk6f+Q3+0za1rQkzVuMiMFI=
github.com/kr/pretty v0.1.0/go.mod h1:dAy3ld7l9f0ibDNOQOHHMYYIIbhfbHSm3C4ZsoJORNo=
github.com/kr/pty v1.1.1/go.mod h1:pFQYn66WHrOpPYNljwOMqo10TkYh1fy3cYio2l3bCsQ=
github.com/kr/text v0.1.0 h1:45sCR5RtlFHMR4UwH9sdQ5TC8v0qDQCHnXt+kaKSTVE=
github.com/kr/text v0.1.0/go.mod h1:4Jbv+DJW3UT/LiOwJeYQe1efqtUx/iVham/4vfdArNI=
github.com/maruel/panicparse v0.0.0-20160720141634-ad661195ed0e h1:e2z/lz9pvtRrEOgKWaLW2Dw02Nqd3/fqv0qWTQ8ByZE=
github.com/maruel/panicparse v0.0.0-20160720141634-ad661195ed0e/go.mod h1:nty42YY5QByNC5MM7q/nj938VbgPU7avs45z6NClpxI=
github.com/maruel/ut v1.0.2 h1:mQTlQk3jubTbdTcza+hwoZQWhzcvE4L6K6RTtAFlA1k=
github.com/maruel/ut v1.0.2/go.mod h1:RV8PwPD9dd2KFlnlCc/DB2JVvkXmyaalfc5xvmSrRSs=
github.com/mattn/go-runewidth v0.0.3-0.20170201023540-14207d285c6c h1:jQ6tSGsM/2TGhmbzHl9wXDtm2YjZDAfMsHyxaBDwywA=
github.com/mattn/go-runewidth v0.0.3-0.20170201023540-14207d285c6c/go.mod h1:LwmH8dsx7+W8Uxz3IHJYH5QSwggIsqBzpuz5H//U1FU=
github.com/mitchellh/go-wordwrap v0.0.0-20150314170334-ad45545899c7 h1:DpOJ2HYzCv8LZP15IdmG+YdwD2luVPHITV96TkirNBM=
github.com/mitchellh/go-wordwrap v0.0.0-20150314170334-ad45545899c7/go.mod h1:ZXFpozHsX6DPmq2I0TCekCxypsnAUbP2oI0UX1GXzOo=
github.com/nsf/termbox-go v0.0.0-20170211012700-3540b76b9c77 h1:gKl78uP/I7JZ56OFtRf7nc4m1icV38hwV0In5pEGzeA=
github.com/nsf/termbox-go v0.0.0-20170211012700-3540b76b9c77/go.mod h1:IuKpRQcYE1Tfu+oAQqaLisqDeXgjyyltCfsaoYN18NQ=
github.com/pmezard/go-difflib v1.0.0 h1:4DBwDE0NGyQoBHbLQYPwSUPoCMWR5BEzIk/f1lZbAQM=
github.com/pmezard/go-difflib v1.0.0/go.mod h1:iKH77koFhYxTK1pcRnkKkqfTogsbg7gZNVY4sRDYZ/4=
github.com/rasky/gojit v0.0.0-20170619082035-3f68c53a974d h1:Xq/acDqDKhWgGzm8c/eBhJqd9tKya2NnF6ZUX68OgBE=
github.com/rasky/gojit v0.0.0-20170619082035-3f68c53a974d/go.mod h1:BASizRnsIvrzgyY64zxdxZCQsy+eoLRWWBCPsyVXPvs=
github.com/stretchr/testify v1.8.4 h1:CcVxjf3Q8PM0mHUKJCdn+eZZtm5yQwehR5yeSVQQcUk=
github.com/stretchr/testify v1.8.4/go.mod h1:sz/lmYIOXD/1dqDmKjjqLyZ2RngseejIcXlSw2iwfAo=
github.com/veandco/go-sdl2 v0.3.1-0.20180511015117-9f046b130c31 h1:KYyo5wFOqCpIWDSflX/Cu3jmH4rKPXWQM7S/B2FEhS4=
github.com/veandco/go-sdl2 v0.3.1-0.20180511015117-9f046b130c31/go.mod h1:FB+kTpX9YTE+urhYiClnRzpOXbiWgaU3+5F2AB78DPg=
github.com/veandco/go-sdl2 v0.4.35 h1:NohzsfageDWGtCd9nf7Pc3sokMK/MOK+UA2QMJARWzQ=
github.com/veandco/go-sdl2 v0.4.35/go.mod h1:OROqMhHD43nT4/i9crJukyVecjPNYYuCofep6SNiAjY=
golang.org/x/arch v0.0.0-20170323000348-58ea1a195b1a h1:LdY1BdGLupOJdxkXIeUzvLqs6j8EiWLUDRv0lAd0YXM=
golang.org/x/arch v0.0.0-20170323000348-58ea1a195b1a/go.mod h1:cYlCBUl1MsqxdiKgmc4uh7TxZfWSFLOGSRR090WDxt8=
golang.org/x/exp v0.0.0-20170423001816-239d448f23a0 h1:PbYRgXSYI3yqRc++EI35EI4nMeSkDxSoNHLetoB9Vr4=
golang.org/x/exp v0.0.0-20170423001816-239d448f23a0/go.mod h1:CJ0aWSM057203Lf6IL+f9T1iT9GByDxfZKAQTCR3kQA=
golang.org/x/sys v0.0.0-20170217003442-075e574b89e4 h1:qDJE6+PXeuSus3ObnNHn/wLLkXfbuP0XhYcXZWTFDcs=
golang.org/x/sys v0.0.0-20170217003442-075e574b89e4/go.mod h1:STP8DvDyc/dI5b8T5hshtkjS+E42TnysNCUPdjciGhY=
gopkg.in/Sirupsen/logrus.v0 v0.11.2 h1:Aus6y/4Ripb4zFRtoo5qzw13GGYHWh1F5lnDv8t1WIA=
gopkg.in/Sirupsen/logrus.v0 v0.11.2/go.mod h1:TNfjrxCaKxZ19rOF6SyCKP+ZdZ0WSD39SXmddhMXAYo=
gopkg.in/yaml.v3 v3.0.1 h1:fxVm/GzAzEWqLHuvctI91KS9hhNmmWOoWu0XTYJS7CA=
gopkg.in/yaml.v3 v3.0.1/go.mod h1:K4uyk7z7BCEPqu6E+C64Yfv1cQ7kz7rIZviUmN+EgEM=
